// !$*UTF8*$!
{
	archiveVersion = 1;
	classes = {
	};
	objectVersion = 55;
	objects = {

/* Begin PBXBuildFile section */
		291DF2AA274CC1510082B6DC /* UIColor+GifMakingUtils.m in Sources */ = {isa = PBXBuildFile; fileRef = 291DF2A9274CC1510082B6DC /* UIColor+GifMakingUtils.m */; };
		291DF2B5274DDE600082B6DC /* CustomAlbumController.m in Sources */ = {isa = PBXBuildFile; fileRef = 291DF2B3274DDE600082B6DC /* CustomAlbumController.m */; };
		291DF2B6274DDE600082B6DC /* CustomAlbumController.xib in Resources */ = {isa = PBXBuildFile; fileRef = 291DF2B4274DDE600082B6DC /* CustomAlbumController.xib */; };
		291DF2D2274DE3610082B6DC /* UIView+HXExtension.m in Sources */ = {isa = PBXBuildFile; fileRef = 291DF2B8274DE35F0082B6DC /* UIView+HXExtension.m */; };
		291DF2E0274DE5BD0082B6DC /* UILabel+HXExtension.m in Sources */ = {isa = PBXBuildFile; fileRef = 291DF2DE274DE5BD0082B6DC /* UILabel+HXExtension.m */; };
		291DF2E3274DE9950082B6DC /* GIFMakingNaviViewController.m in Sources */ = {isa = PBXBuildFile; fileRef = 291DF2E2274DE9950082B6DC /* GIFMakingNaviViewController.m */; };
		291DF2E7274E12820082B6DC /* AlbumTableViewCell.m in Sources */ = {isa = PBXBuildFile; fileRef = 291DF2E5274E12820082B6DC /* AlbumTableViewCell.m */; };
		291DF2E8274E12820082B6DC /* AlbumTableViewCell.xib in Resources */ = {isa = PBXBuildFile; fileRef = 291DF2E6274E12820082B6DC /* AlbumTableViewCell.xib */; };
		291DF2EC274E200E0082B6DC /* PickerCell.m in Sources */ = {isa = PBXBuildFile; fileRef = 291DF2EA274E200E0082B6DC /* PickerCell.m */; };
		291DF2ED274E200E0082B6DC /* PickerCell.xib in Resources */ = {isa = PBXBuildFile; fileRef = 291DF2EB274E200E0082B6DC /* PickerCell.xib */; };
		291DF2F0274E2C520082B6DC /* NSData+GifMaking.m in Sources */ = {isa = PBXBuildFile; fileRef = 291DF2EE274E2C520082B6DC /* NSData+GifMaking.m */; };
		291DF2F2274E2F610082B6DC /* Comp_1.gif in Resources */ = {isa = PBXBuildFile; fileRef = 291DF2F1274E2F610082B6DC /* Comp_1.gif */; };
		29357A6E274E4DAD00BD986D /* TceEditImageView.m in Sources */ = {isa = PBXBuildFile; fileRef = 29357A6D274E4DAD00BD986D /* TceEditImageView.m */; };
		29357A71274E5A0B00BD986D /* UIViewController+GifMakingUtils.m in Sources */ = {isa = PBXBuildFile; fileRef = 29357A6F274E5A0B00BD986D /* UIViewController+GifMakingUtils.m */; };
		29357A76274E69E000BD986D /* PostersCollageSingeToolView.m in Sources */ = {isa = PBXBuildFile; fileRef = 29357A73274E69E000BD986D /* PostersCollageSingeToolView.m */; };
		29357A77274E69E000BD986D /* PostersCollageSingeToolView.xib in Resources */ = {isa = PBXBuildFile; fileRef = 29357A74274E69E000BD986D /* PostersCollageSingeToolView.xib */; };
		29B397F7274B95C700C6FAC7 /* AppDelegate.m in Sources */ = {isa = PBXBuildFile; fileRef = 29B397F6274B95C700C6FAC7 /* AppDelegate.m */; };
		29B397FD274B95C700C6FAC7 /* ViewController.m in Sources */ = {isa = PBXBuildFile; fileRef = 29B397FC274B95C700C6FAC7 /* ViewController.m */; };
		29B39800274B95C700C6FAC7 /* Main.storyboard in Resources */ = {isa = PBXBuildFile; fileRef = 29B397FE274B95C700C6FAC7 /* Main.storyboard */; };
		29B39802274B95D600C6FAC7 /* Assets.xcassets in Resources */ = {isa = PBXBuildFile; fileRef = 29B39801274B95D600C6FAC7 /* Assets.xcassets */; };
		29B39805274B95D600C6FAC7 /* LaunchScreen.storyboard in Resources */ = {isa = PBXBuildFile; fileRef = 29B39803274B95D600C6FAC7 /* LaunchScreen.storyboard */; };
		29B39808274B95D600C6FAC7 /* main.m in Sources */ = {isa = PBXBuildFile; fileRef = 29B39807274B95D600C6FAC7 /* main.m */; };
		29B39811274B9A2400C6FAC7 /* JBBPuzzleViewController.m in Sources */ = {isa = PBXBuildFile; fileRef = 29B3980F274B9A2400C6FAC7 /* JBBPuzzleViewController.m */; };
		29B39812274B9A2400C6FAC7 /* JBBPuzzleViewController.xib in Resources */ = {isa = PBXBuildFile; fileRef = 29B39810274B9A2400C6FAC7 /* JBBPuzzleViewController.xib */; };
		29B39816274B9CCE00C6FAC7 /* UIView+GifMakingUtils.m in Sources */ = {isa = PBXBuildFile; fileRef = 29B39815274B9CCE00C6FAC7 /* UIView+GifMakingUtils.m */; };
		29B3981A274BA71400C6FAC7 /* TcePuzzleViewFrameAndPoint.m in Sources */ = {isa = PBXBuildFile; fileRef = 29B39818274BA71400C6FAC7 /* TcePuzzleViewFrameAndPoint.m */; };
		29B39833274BB23400C6FAC7 /* TCESingle.m in Sources */ = {isa = PBXBuildFile; fileRef = 29B39832274BB23400C6FAC7 /* TCESingle.m */; };
		29B39836274C832000C6FAC7 /* TcePuzzlePuzzleView.m in Sources */ = {isa = PBXBuildFile; fileRef = 29B39835274C832000C6FAC7 /* TcePuzzlePuzzleView.m */; };
		29B3983A274C935C00C6FAC7 /* PuzzleStyleViewCell.m in Sources */ = {isa = PBXBuildFile; fileRef = 29B39838274C935C00C6FAC7 /* PuzzleStyleViewCell.m */; };
		29B3983B274C935C00C6FAC7 /* PuzzleStyleViewCell.xib in Resources */ = {isa = PBXBuildFile; fileRef = 29B39839274C935C00C6FAC7 /* PuzzleStyleViewCell.xib */; };
		29B3983F274CA5E600C6FAC7 /* PuzzleBgColorViewCell.m in Sources */ = {isa = PBXBuildFile; fileRef = 29B3983D274CA5E500C6FAC7 /* PuzzleBgColorViewCell.m */; };
		29B39840274CA5E600C6FAC7 /* PuzzleBgColorViewCell.xib in Resources */ = {isa = PBXBuildFile; fileRef = 29B3983E274CA5E500C6FAC7 /* PuzzleBgColorViewCell.xib */; };
		29F3813E27546DC7009D9EDC /* PBJVideoPlayerController.m in Sources */ = {isa = PBXBuildFile; fileRef = 29F3813A27546DC6009D9EDC /* PBJVideoPlayerController.m */; };
		29F3813F27546DC7009D9EDC /* PBJVideoView.m in Sources */ = {isa = PBXBuildFile; fileRef = 29F3813B27546DC6009D9EDC /* PBJVideoView.m */; };
		29F3814027546DC7009D9EDC /* play_button@2x.png in Resources */ = {isa = PBXBuildFile; fileRef = 29F3813D27546DC6009D9EDC /* play_button@2x.png */; };
		29F3815127548A7A009D9EDC /* CustomVideoCompositing.m in Sources */ = {isa = PBXBuildFile; fileRef = 29F3814327548A7A009D9EDC /* CustomVideoCompositing.m */; };
		29F3815227548A7A009D9EDC /* MFShaderHelper.m in Sources */ = {isa = PBXBuildFile; fileRef = 29F3814527548A7A009D9EDC /* MFShaderHelper.m */; };
		29F3815327548A7A009D9EDC /* MFPixelBufferHelper.m in Sources */ = {isa = PBXBuildFile; fileRef = 29F3814627548A7A009D9EDC /* MFPixelBufferHelper.m */; };
		29F3815427548A7A009D9EDC /* CustomVideoCompositionInstruction.m in Sources */ = {isa = PBXBuildFile; fileRef = 29F3814727548A7A009D9EDC /* CustomVideoCompositionInstruction.m */; };
		29F3815527548A7A009D9EDC /* CustomFilter.m in Sources */ = {isa = PBXBuildFile; fileRef = 29F3814927548A7A009D9EDC /* CustomFilter.m */; };
		29F3815627548A7A009D9EDC /* Normal.fsh in Resources */ = {isa = PBXBuildFile; fileRef = 29F3814B27548A7A009D9EDC /* Normal.fsh */; };
		29F3815727548A7A009D9EDC /* YUVConversion.fsh in Resources */ = {isa = PBXBuildFile; fileRef = 29F3814C27548A7A009D9EDC /* YUVConversion.fsh */; };
		29F3815827548A7A009D9EDC /* Normal.vsh in Resources */ = {isa = PBXBuildFile; fileRef = 29F3814D27548A7A009D9EDC /* Normal.vsh */; };
		29F3815927548A7A009D9EDC /* YUVConversion.vsh in Resources */ = {isa = PBXBuildFile; fileRef = 29F3814E27548A7A009D9EDC /* YUVConversion.vsh */; };
		29F3815F2754AA00009D9EDC /* DXLINVView.m in Sources */ = {isa = PBXBuildFile; fileRef = 29F3815B2754AA00009D9EDC /* DXLINVView.m */; };
		29F381602754AA00009D9EDC /* DXLINVManage.m in Sources */ = {isa = PBXBuildFile; fileRef = 29F3815C2754AA00009D9EDC /* DXLINVManage.m */; };
		29F3816A2754E39A009D9EDC /* VideoThemesData.m in Sources */ = {isa = PBXBuildFile; fileRef = 29F381632754E39A009D9EDC /* VideoThemesData.m */; };
		29F3816B2754E39A009D9EDC /* VideoThemes.m in Sources */ = {isa = PBXBuildFile; fileRef = 29F381652754E39A009D9EDC /* VideoThemes.m */; };
		29F3816C2754E39A009D9EDC /* ExportEffects.m in Sources */ = {isa = PBXBuildFile; fileRef = 29F381672754E39A009D9EDC /* ExportEffects.m */; };
		29F3816D2754E39A009D9EDC /* VideoBuilder.m in Sources */ = {isa = PBXBuildFile; fileRef = 29F381682754E39A009D9EDC /* VideoBuilder.m */; };
		29F381782754E5D2009D9EDC /* ColorData.m in Sources */ = {isa = PBXBuildFile; fileRef = 29F381702754E5D2009D9EDC /* ColorData.m */; };
		29F381792754E5D2009D9EDC /* PuzzleData.m in Sources */ = {isa = PBXBuildFile; fileRef = 29F381712754E5D2009D9EDC /* PuzzleData.m */; };
		29F3817A2754E5D2009D9EDC /* AVAsset+help.m in Sources */ = {isa = PBXBuildFile; fileRef = 29F381762754E5D2009D9EDC /* AVAsset+help.m */; };
		29F3817B2754E5D2009D9EDC /* CustomVideoCompositor.m in Sources */ = {isa = PBXBuildFile; fileRef = 29F381772754E5D2009D9EDC /* CustomVideoCompositor.m */; };
		29F381832755DDB3009D9EDC /* MediaComposition.swift in Sources */ = {isa = PBXBuildFile; fileRef = 29F3817E2755DDB3009D9EDC /* MediaComposition.swift */; };
		29F381842755DDB3009D9EDC /* MCConfig.swift in Sources */ = {isa = PBXBuildFile; fileRef = 29F3817F2755DDB3009D9EDC /* MCConfig.swift */; };
		29F381852755DDB3009D9EDC /* black.mp4 in Resources */ = {isa = PBXBuildFile; fileRef = 29F381802755DDB3009D9EDC /* black.mp4 */; };
		29F381862755DDB3009D9EDC /* MediaAVComposition.swift in Sources */ = {isa = PBXBuildFile; fileRef = 29F381812755DDB3009D9EDC /* MediaAVComposition.swift */; };
		29F381872755DDB3009D9EDC /* AudiosComposition.swift in Sources */ = {isa = PBXBuildFile; fileRef = 29F381822755DDB3009D9EDC /* AudiosComposition.swift */; };
		FF349688EF0567E7EC2BF5D3 /* Pods_JBBPuzzleView.framework in Frameworks */ = {isa = PBXBuildFile; fileRef = 61A1D93C267F0AC42CFA9EB8 /* Pods_JBBPuzzleView.framework */; };
/* End PBXBuildFile section */

/* Begin PBXFileReference section */
		291DF2A8274CC1510082B6DC /* UIColor+GifMakingUtils.h */ = {isa = PBXFileReference; fileEncoding = 4; lastKnownFileType = sourcecode.c.h; path = "UIColor+GifMakingUtils.h"; sourceTree = "<group>"; };
		291DF2A9274CC1510082B6DC /* UIColor+GifMakingUtils.m */ = {isa = PBXFileReference; fileEncoding = 4; lastKnownFileType = sourcecode.c.objc; path = "UIColor+GifMakingUtils.m"; sourceTree = "<group>"; };
		291DF2B2274DDE600082B6DC /* CustomAlbumController.h */ = {isa = PBXFileReference; lastKnownFileType = sourcecode.c.h; path = CustomAlbumController.h; sourceTree = "<group>"; };
		291DF2B3274DDE600082B6DC /* CustomAlbumController.m */ = {isa = PBXFileReference; lastKnownFileType = sourcecode.c.objc; path = CustomAlbumController.m; sourceTree = "<group>"; };
		291DF2B4274DDE600082B6DC /* CustomAlbumController.xib */ = {isa = PBXFileReference; lastKnownFileType = file.xib; path = CustomAlbumController.xib; sourceTree = "<group>"; };
		291DF2B8274DE35F0082B6DC /* UIView+HXExtension.m */ = {isa = PBXFileReference; fileEncoding = 4; lastKnownFileType = sourcecode.c.objc; path = "UIView+HXExtension.m"; sourceTree = "<group>"; };
		291DF2BE274DE3600082B6DC /* UIView+HXExtension.h */ = {isa = PBXFileReference; fileEncoding = 4; lastKnownFileType = sourcecode.c.h; path = "UIView+HXExtension.h"; sourceTree = "<group>"; };
		291DF2DE274DE5BD0082B6DC /* UILabel+HXExtension.m */ = {isa = PBXFileReference; fileEncoding = 4; lastKnownFileType = sourcecode.c.objc; path = "UILabel+HXExtension.m"; sourceTree = "<group>"; };
		291DF2DF274DE5BD0082B6DC /* UILabel+HXExtension.h */ = {isa = PBXFileReference; fileEncoding = 4; lastKnownFileType = sourcecode.c.h; path = "UILabel+HXExtension.h"; sourceTree = "<group>"; };
		291DF2E1274DE9950082B6DC /* GIFMakingNaviViewController.h */ = {isa = PBXFileReference; fileEncoding = 4; lastKnownFileType = sourcecode.c.h; path = GIFMakingNaviViewController.h; sourceTree = "<group>"; };
		291DF2E2274DE9950082B6DC /* GIFMakingNaviViewController.m */ = {isa = PBXFileReference; fileEncoding = 4; lastKnownFileType = sourcecode.c.objc; path = GIFMakingNaviViewController.m; sourceTree = "<group>"; };
		291DF2E4274E12820082B6DC /* AlbumTableViewCell.h */ = {isa = PBXFileReference; fileEncoding = 4; lastKnownFileType = sourcecode.c.h; path = AlbumTableViewCell.h; sourceTree = "<group>"; };
		291DF2E5274E12820082B6DC /* AlbumTableViewCell.m */ = {isa = PBXFileReference; fileEncoding = 4; lastKnownFileType = sourcecode.c.objc; path = AlbumTableViewCell.m; sourceTree = "<group>"; };
		291DF2E6274E12820082B6DC /* AlbumTableViewCell.xib */ = {isa = PBXFileReference; fileEncoding = 4; lastKnownFileType = file.xib; path = AlbumTableViewCell.xib; sourceTree = "<group>"; };
		291DF2E9274E200E0082B6DC /* PickerCell.h */ = {isa = PBXFileReference; lastKnownFileType = sourcecode.c.h; path = PickerCell.h; sourceTree = "<group>"; };
		291DF2EA274E200E0082B6DC /* PickerCell.m */ = {isa = PBXFileReference; lastKnownFileType = sourcecode.c.objc; path = PickerCell.m; sourceTree = "<group>"; };
		291DF2EB274E200E0082B6DC /* PickerCell.xib */ = {isa = PBXFileReference; lastKnownFileType = file.xib; path = PickerCell.xib; sourceTree = "<group>"; };
		291DF2EE274E2C520082B6DC /* NSData+GifMaking.m */ = {isa = PBXFileReference; fileEncoding = 4; lastKnownFileType = sourcecode.c.objc; path = "NSData+GifMaking.m"; sourceTree = "<group>"; };
		291DF2EF274E2C520082B6DC /* NSData+GifMaking.h */ = {isa = PBXFileReference; fileEncoding = 4; lastKnownFileType = sourcecode.c.h; path = "NSData+GifMaking.h"; sourceTree = "<group>"; };
		291DF2F1274E2F610082B6DC /* Comp_1.gif */ = {isa = PBXFileReference; lastKnownFileType = image.gif; path = Comp_1.gif; sourceTree = "<group>"; };
		29357A6C274E4DAD00BD986D /* TceEditImageView.h */ = {isa = PBXFileReference; lastKnownFileType = sourcecode.c.h; path = TceEditImageView.h; sourceTree = "<group>"; };
		29357A6D274E4DAD00BD986D /* TceEditImageView.m */ = {isa = PBXFileReference; lastKnownFileType = sourcecode.c.objc; path = TceEditImageView.m; sourceTree = "<group>"; };
		29357A6F274E5A0B00BD986D /* UIViewController+GifMakingUtils.m */ = {isa = PBXFileReference; fileEncoding = 4; lastKnownFileType = sourcecode.c.objc; path = "UIViewController+GifMakingUtils.m"; sourceTree = "<group>"; };
		29357A70274E5A0B00BD986D /* UIViewController+GifMakingUtils.h */ = {isa = PBXFileReference; fileEncoding = 4; lastKnownFileType = sourcecode.c.h; path = "UIViewController+GifMakingUtils.h"; sourceTree = "<group>"; };
		29357A73274E69E000BD986D /* PostersCollageSingeToolView.m */ = {isa = PBXFileReference; fileEncoding = 4; lastKnownFileType = sourcecode.c.objc; path = PostersCollageSingeToolView.m; sourceTree = "<group>"; };
		29357A74274E69E000BD986D /* PostersCollageSingeToolView.xib */ = {isa = PBXFileReference; fileEncoding = 4; lastKnownFileType = file.xib; path = PostersCollageSingeToolView.xib; sourceTree = "<group>"; };
		29357A75274E69E000BD986D /* PostersCollageSingeToolView.h */ = {isa = PBXFileReference; fileEncoding = 4; lastKnownFileType = sourcecode.c.h; path = PostersCollageSingeToolView.h; sourceTree = "<group>"; };
		29B397F2274B95C700C6FAC7 /* JBBPuzzleView.app */ = {isa = PBXFileReference; explicitFileType = wrapper.application; includeInIndex = 0; path = JBBPuzzleView.app; sourceTree = BUILT_PRODUCTS_DIR; };
		29B397F5274B95C700C6FAC7 /* AppDelegate.h */ = {isa = PBXFileReference; lastKnownFileType = sourcecode.c.h; path = AppDelegate.h; sourceTree = "<group>"; };
		29B397F6274B95C700C6FAC7 /* AppDelegate.m */ = {isa = PBXFileReference; lastKnownFileType = sourcecode.c.objc; path = AppDelegate.m; sourceTree = "<group>"; };
		29B397FB274B95C700C6FAC7 /* ViewController.h */ = {isa = PBXFileReference; lastKnownFileType = sourcecode.c.h; path = ViewController.h; sourceTree = "<group>"; };
		29B397FC274B95C700C6FAC7 /* ViewController.m */ = {isa = PBXFileReference; lastKnownFileType = sourcecode.c.objc; path = ViewController.m; sourceTree = "<group>"; };
		29B397FF274B95C700C6FAC7 /* Base */ = {isa = PBXFileReference; lastKnownFileType = file.storyboard; name = Base; path = Base.lproj/Main.storyboard; sourceTree = "<group>"; };
		29B39801274B95D600C6FAC7 /* Assets.xcassets */ = {isa = PBXFileReference; lastKnownFileType = folder.assetcatalog; path = Assets.xcassets; sourceTree = "<group>"; };
		29B39804274B95D600C6FAC7 /* Base */ = {isa = PBXFileReference; lastKnownFileType = file.storyboard; name = Base; path = Base.lproj/LaunchScreen.storyboard; sourceTree = "<group>"; };
		29B39806274B95D600C6FAC7 /* Info.plist */ = {isa = PBXFileReference; lastKnownFileType = text.plist.xml; path = Info.plist; sourceTree = "<group>"; };
		29B39807274B95D600C6FAC7 /* main.m */ = {isa = PBXFileReference; lastKnownFileType = sourcecode.c.objc; path = main.m; sourceTree = "<group>"; };
		29B3980E274B9A2400C6FAC7 /* JBBPuzzleViewController.h */ = {isa = PBXFileReference; lastKnownFileType = sourcecode.c.h; path = JBBPuzzleViewController.h; sourceTree = "<group>"; };
		29B3980F274B9A2400C6FAC7 /* JBBPuzzleViewController.m */ = {isa = PBXFileReference; lastKnownFileType = sourcecode.c.objc; path = JBBPuzzleViewController.m; sourceTree = "<group>"; };
		29B39810274B9A2400C6FAC7 /* JBBPuzzleViewController.xib */ = {isa = PBXFileReference; lastKnownFileType = file.xib; path = JBBPuzzleViewController.xib; sourceTree = "<group>"; };
		29B39814274B9CCE00C6FAC7 /* UIView+GifMakingUtils.h */ = {isa = PBXFileReference; fileEncoding = 4; lastKnownFileType = sourcecode.c.h; path = "UIView+GifMakingUtils.h"; sourceTree = "<group>"; };
		29B39815274B9CCE00C6FAC7 /* UIView+GifMakingUtils.m */ = {isa = PBXFileReference; fileEncoding = 4; lastKnownFileType = sourcecode.c.objc; path = "UIView+GifMakingUtils.m"; sourceTree = "<group>"; };
		29B39818274BA71400C6FAC7 /* TcePuzzleViewFrameAndPoint.m */ = {isa = PBXFileReference; fileEncoding = 4; lastKnownFileType = sourcecode.c.objc; path = TcePuzzleViewFrameAndPoint.m; sourceTree = "<group>"; };
		29B39819274BA71400C6FAC7 /* TcePuzzleViewFrameAndPoint.h */ = {isa = PBXFileReference; fileEncoding = 4; lastKnownFileType = sourcecode.c.h; path = TcePuzzleViewFrameAndPoint.h; sourceTree = "<group>"; };
		29B3981E274BA78B00C6FAC7 /* PrefixHeader.pch */ = {isa = PBXFileReference; lastKnownFileType = sourcecode.c.h; path = PrefixHeader.pch; sourceTree = "<group>"; };
		29B39831274BB23400C6FAC7 /* TCESingle.h */ = {isa = PBXFileReference; fileEncoding = 4; lastKnownFileType = sourcecode.c.h; path = TCESingle.h; sourceTree = "<group>"; };
		29B39832274BB23400C6FAC7 /* TCESingle.m */ = {isa = PBXFileReference; fileEncoding = 4; lastKnownFileType = sourcecode.c.objc; path = TCESingle.m; sourceTree = "<group>"; };
		29B39834274C832000C6FAC7 /* TcePuzzlePuzzleView.h */ = {isa = PBXFileReference; fileEncoding = 4; lastKnownFileType = sourcecode.c.h; path = TcePuzzlePuzzleView.h; sourceTree = "<group>"; };
		29B39835274C832000C6FAC7 /* TcePuzzlePuzzleView.m */ = {isa = PBXFileReference; fileEncoding = 4; lastKnownFileType = sourcecode.c.objc; path = TcePuzzlePuzzleView.m; sourceTree = "<group>"; };
		29B39837274C935C00C6FAC7 /* PuzzleStyleViewCell.h */ = {isa = PBXFileReference; lastKnownFileType = sourcecode.c.h; path = PuzzleStyleViewCell.h; sourceTree = "<group>"; };
		29B39838274C935C00C6FAC7 /* PuzzleStyleViewCell.m */ = {isa = PBXFileReference; lastKnownFileType = sourcecode.c.objc; path = PuzzleStyleViewCell.m; sourceTree = "<group>"; };
		29B39839274C935C00C6FAC7 /* PuzzleStyleViewCell.xib */ = {isa = PBXFileReference; lastKnownFileType = file.xib; path = PuzzleStyleViewCell.xib; sourceTree = "<group>"; };
		29B3983C274CA5E500C6FAC7 /* PuzzleBgColorViewCell.h */ = {isa = PBXFileReference; lastKnownFileType = sourcecode.c.h; path = PuzzleBgColorViewCell.h; sourceTree = "<group>"; };
		29B3983D274CA5E500C6FAC7 /* PuzzleBgColorViewCell.m */ = {isa = PBXFileReference; lastKnownFileType = sourcecode.c.objc; path = PuzzleBgColorViewCell.m; sourceTree = "<group>"; };
		29B3983E274CA5E500C6FAC7 /* PuzzleBgColorViewCell.xib */ = {isa = PBXFileReference; lastKnownFileType = file.xib; path = PuzzleBgColorViewCell.xib; sourceTree = "<group>"; };
		29F3813927546DC6009D9EDC /* PBJVideoView.h */ = {isa = PBXFileReference; fileEncoding = 4; lastKnownFileType = sourcecode.c.h; path = PBJVideoView.h; sourceTree = "<group>"; };
		29F3813A27546DC6009D9EDC /* PBJVideoPlayerController.m */ = {isa = PBXFileReference; fileEncoding = 4; lastKnownFileType = sourcecode.c.objc; path = PBJVideoPlayerController.m; sourceTree = "<group>"; };
		29F3813B27546DC6009D9EDC /* PBJVideoView.m */ = {isa = PBXFileReference; fileEncoding = 4; lastKnownFileType = sourcecode.c.objc; path = PBJVideoView.m; sourceTree = "<group>"; };
		29F3813C27546DC6009D9EDC /* PBJVideoPlayerController.h */ = {isa = PBXFileReference; fileEncoding = 4; lastKnownFileType = sourcecode.c.h; path = PBJVideoPlayerController.h; sourceTree = "<group>"; };
		29F3813D27546DC6009D9EDC /* play_button@2x.png */ = {isa = PBXFileReference; lastKnownFileType = image.png; path = "play_button@2x.png"; sourceTree = "<group>"; };
		29F3814227548A7A009D9EDC /* CustomFilter.h */ = {isa = PBXFileReference; fileEncoding = 4; lastKnownFileType = sourcecode.c.h; path = CustomFilter.h; sourceTree = "<group>"; };
		29F3814327548A7A009D9EDC /* CustomVideoCompositing.m */ = {isa = PBXFileReference; fileEncoding = 4; lastKnownFileType = sourcecode.c.objc; path = CustomVideoCompositing.m; sourceTree = "<group>"; };
		29F3814427548A7A009D9EDC /* CustomVideoCompositionInstruction.h */ = {isa = PBXFileReference; fileEncoding = 4; lastKnownFileType = sourcecode.c.h; path = CustomVideoCompositionInstruction.h; sourceTree = "<group>"; };
		29F3814527548A7A009D9EDC /* MFShaderHelper.m */ = {isa = PBXFileReference; fileEncoding = 4; lastKnownFileType = sourcecode.c.objc; path = MFShaderHelper.m; sourceTree = "<group>"; };
		29F3814627548A7A009D9EDC /* MFPixelBufferHelper.m */ = {isa = PBXFileReference; fileEncoding = 4; lastKnownFileType = sourcecode.c.objc; path = MFPixelBufferHelper.m; sourceTree = "<group>"; };
		29F3814727548A7A009D9EDC /* CustomVideoCompositionInstruction.m */ = {isa = PBXFileReference; fileEncoding = 4; lastKnownFileType = sourcecode.c.objc; path = CustomVideoCompositionInstruction.m; sourceTree = "<group>"; };
		29F3814827548A7A009D9EDC /* CustomVideoCompositing.h */ = {isa = PBXFileReference; fileEncoding = 4; lastKnownFileType = sourcecode.c.h; path = CustomVideoCompositing.h; sourceTree = "<group>"; };
		29F3814927548A7A009D9EDC /* CustomFilter.m */ = {isa = PBXFileReference; fileEncoding = 4; lastKnownFileType = sourcecode.c.objc; path = CustomFilter.m; sourceTree = "<group>"; };
		29F3814B27548A7A009D9EDC /* Normal.fsh */ = {isa = PBXFileReference; fileEncoding = 4; lastKnownFileType = sourcecode.glsl; path = Normal.fsh; sourceTree = "<group>"; };
		29F3814C27548A7A009D9EDC /* YUVConversion.fsh */ = {isa = PBXFileReference; fileEncoding = 4; lastKnownFileType = sourcecode.glsl; path = YUVConversion.fsh; sourceTree = "<group>"; };
		29F3814D27548A7A009D9EDC /* Normal.vsh */ = {isa = PBXFileReference; fileEncoding = 4; lastKnownFileType = sourcecode.glsl; path = Normal.vsh; sourceTree = "<group>"; };
		29F3814E27548A7A009D9EDC /* YUVConversion.vsh */ = {isa = PBXFileReference; fileEncoding = 4; lastKnownFileType = sourcecode.glsl; path = YUVConversion.vsh; sourceTree = "<group>"; };
		29F3814F27548A7A009D9EDC /* MFShaderHelper.h */ = {isa = PBXFileReference; fileEncoding = 4; lastKnownFileType = sourcecode.c.h; path = MFShaderHelper.h; sourceTree = "<group>"; };
		29F3815027548A7A009D9EDC /* MFPixelBufferHelper.h */ = {isa = PBXFileReference; fileEncoding = 4; lastKnownFileType = sourcecode.c.h; path = MFPixelBufferHelper.h; sourceTree = "<group>"; };
		29F3815B2754AA00009D9EDC /* DXLINVView.m */ = {isa = PBXFileReference; fileEncoding = 4; lastKnownFileType = sourcecode.c.objc; path = DXLINVView.m; sourceTree = "<group>"; };
		29F3815C2754AA00009D9EDC /* DXLINVManage.m */ = {isa = PBXFileReference; fileEncoding = 4; lastKnownFileType = sourcecode.c.objc; path = DXLINVManage.m; sourceTree = "<group>"; };
		29F3815D2754AA00009D9EDC /* DXLINVView.h */ = {isa = PBXFileReference; fileEncoding = 4; lastKnownFileType = sourcecode.c.h; path = DXLINVView.h; sourceTree = "<group>"; };
		29F3815E2754AA00009D9EDC /* DXLINVManage.h */ = {isa = PBXFileReference; fileEncoding = 4; lastKnownFileType = sourcecode.c.h; path = DXLINVManage.h; sourceTree = "<group>"; };
		29F381622754E39A009D9EDC /* ExportEffects.h */ = {isa = PBXFileReference; fileEncoding = 4; lastKnownFileType = sourcecode.c.h; path = ExportEffects.h; sourceTree = "<group>"; };
		29F381632754E39A009D9EDC /* VideoThemesData.m */ = {isa = PBXFileReference; fileEncoding = 4; lastKnownFileType = sourcecode.c.objc; path = VideoThemesData.m; sourceTree = "<group>"; };
		29F381642754E39A009D9EDC /* VideoBuilder.h */ = {isa = PBXFileReference; fileEncoding = 4; lastKnownFileType = sourcecode.c.h; path = VideoBuilder.h; sourceTree = "<group>"; };
		29F381652754E39A009D9EDC /* VideoThemes.m */ = {isa = PBXFileReference; fileEncoding = 4; lastKnownFileType = sourcecode.c.objc; path = VideoThemes.m; sourceTree = "<group>"; };
		29F381662754E39A009D9EDC /* VideoThemesData.h */ = {isa = PBXFileReference; fileEncoding = 4; lastKnownFileType = sourcecode.c.h; path = VideoThemesData.h; sourceTree = "<group>"; };
		29F381672754E39A009D9EDC /* ExportEffects.m */ = {isa = PBXFileReference; fileEncoding = 4; lastKnownFileType = sourcecode.c.objc; path = ExportEffects.m; sourceTree = "<group>"; };
		29F381682754E39A009D9EDC /* VideoBuilder.m */ = {isa = PBXFileReference; fileEncoding = 4; lastKnownFileType = sourcecode.c.objc; path = VideoBuilder.m; sourceTree = "<group>"; };
		29F381692754E39A009D9EDC /* VideoThemes.h */ = {isa = PBXFileReference; fileEncoding = 4; lastKnownFileType = sourcecode.c.h; path = VideoThemes.h; sourceTree = "<group>"; };
		29F3816F2754E5D2009D9EDC /* PuzzleData.h */ = {isa = PBXFileReference; fileEncoding = 4; lastKnownFileType = sourcecode.c.h; path = PuzzleData.h; sourceTree = "<group>"; };
		29F381702754E5D2009D9EDC /* ColorData.m */ = {isa = PBXFileReference; fileEncoding = 4; lastKnownFileType = sourcecode.c.objc; path = ColorData.m; sourceTree = "<group>"; };
		29F381712754E5D2009D9EDC /* PuzzleData.m */ = {isa = PBXFileReference; fileEncoding = 4; lastKnownFileType = sourcecode.c.objc; path = PuzzleData.m; sourceTree = "<group>"; };
		29F381722754E5D2009D9EDC /* ColorData.h */ = {isa = PBXFileReference; fileEncoding = 4; lastKnownFileType = sourcecode.c.h; path = ColorData.h; sourceTree = "<group>"; };
		29F381742754E5D2009D9EDC /* AVAsset+help.h */ = {isa = PBXFileReference; fileEncoding = 4; lastKnownFileType = sourcecode.c.h; path = "AVAsset+help.h"; sourceTree = "<group>"; };
		29F381752754E5D2009D9EDC /* CustomVideoCompositor.h */ = {isa = PBXFileReference; fileEncoding = 4; lastKnownFileType = sourcecode.c.h; path = CustomVideoCompositor.h; sourceTree = "<group>"; };
		29F381762754E5D2009D9EDC /* AVAsset+help.m */ = {isa = PBXFileReference; fileEncoding = 4; lastKnownFileType = sourcecode.c.objc; path = "AVAsset+help.m"; sourceTree = "<group>"; };
		29F381772754E5D2009D9EDC /* CustomVideoCompositor.m */ = {isa = PBXFileReference; fileEncoding = 4; lastKnownFileType = sourcecode.c.objc; path = CustomVideoCompositor.m; sourceTree = "<group>"; };
		29F3817C2754E68A009D9EDC /* PXKConstMarcro.h */ = {isa = PBXFileReference; fileEncoding = 4; lastKnownFileType = sourcecode.c.h; path = PXKConstMarcro.h; sourceTree = "<group>"; };
		29F3817E2755DDB3009D9EDC /* MediaComposition.swift */ = {isa = PBXFileReference; fileEncoding = 4; lastKnownFileType = sourcecode.swift; path = MediaComposition.swift; sourceTree = "<group>"; };
		29F3817F2755DDB3009D9EDC /* MCConfig.swift */ = {isa = PBXFileReference; fileEncoding = 4; lastKnownFileType = sourcecode.swift; path = MCConfig.swift; sourceTree = "<group>"; };
		29F381802755DDB3009D9EDC /* black.mp4 */ = {isa = PBXFileReference; lastKnownFileType = file; path = black.mp4; sourceTree = "<group>"; };
		29F381812755DDB3009D9EDC /* MediaAVComposition.swift */ = {isa = PBXFileReference; fileEncoding = 4; lastKnownFileType = sourcecode.swift; path = MediaAVComposition.swift; sourceTree = "<group>"; };
		29F381822755DDB3009D9EDC /* AudiosComposition.swift */ = {isa = PBXFileReference; fileEncoding = 4; lastKnownFileType = sourcecode.swift; path = AudiosComposition.swift; sourceTree = "<group>"; };
		53530ABE46BC7554E5D8AD21 /* Pods-JBBPuzzleView.release.xcconfig */ = {isa = PBXFileReference; includeInIndex = 1; lastKnownFileType = text.xcconfig; name = "Pods-JBBPuzzleView.release.xcconfig"; path = "Target Support Files/Pods-JBBPuzzleView/Pods-JBBPuzzleView.release.xcconfig"; sourceTree = "<group>"; };
		61A1D93C267F0AC42CFA9EB8 /* Pods_JBBPuzzleView.framework */ = {isa = PBXFileReference; explicitFileType = wrapper.framework; includeInIndex = 0; path = Pods_JBBPuzzleView.framework; sourceTree = BUILT_PRODUCTS_DIR; };
		AC57396C71712CAC2B63FD9B /* Pods-JBBPuzzleView.debug.xcconfig */ = {isa = PBXFileReference; includeInIndex = 1; lastKnownFileType = text.xcconfig; name = "Pods-JBBPuzzleView.debug.xcconfig"; path = "Target Support Files/Pods-JBBPuzzleView/Pods-JBBPuzzleView.debug.xcconfig"; sourceTree = "<group>"; };
/* End PBXFileReference section */

/* Begin PBXFrameworksBuildPhase section */
		29B397EF274B95C700C6FAC7 /* Frameworks */ = {
			isa = PBXFrameworksBuildPhase;
			buildActionMask = 2147483647;
			files = (
				FF349688EF0567E7EC2BF5D3 /* Pods_JBBPuzzleView.framework in Frameworks */,
			);
			runOnlyForDeploymentPostprocessing = 0;
		};
/* End PBXFrameworksBuildPhase section */

/* Begin PBXGroup section */
		291DF2B1274DDE330082B6DC /* CustomAblum */ = {
			isa = PBXGroup;
			children = (
				291DF2E9274E200E0082B6DC /* PickerCell.h */,
				291DF2EA274E200E0082B6DC /* PickerCell.m */,
				291DF2EB274E200E0082B6DC /* PickerCell.xib */,
				291DF2E4274E12820082B6DC /* AlbumTableViewCell.h */,
				291DF2E5274E12820082B6DC /* AlbumTableViewCell.m */,
				291DF2E6274E12820082B6DC /* AlbumTableViewCell.xib */,
				291DF2B2274DDE600082B6DC /* CustomAlbumController.h */,
				291DF2B3274DDE600082B6DC /* CustomAlbumController.m */,
				291DF2B4274DDE600082B6DC /* CustomAlbumController.xib */,
			);
			path = CustomAblum;
			sourceTree = "<group>";
		};
		29357A72274E69C300BD986D /* otherView */ = {
			isa = PBXGroup;
			children = (
				29357A75274E69E000BD986D /* PostersCollageSingeToolView.h */,
				29357A73274E69E000BD986D /* PostersCollageSingeToolView.m */,
				29357A74274E69E000BD986D /* PostersCollageSingeToolView.xib */,
			);
			path = otherView;
			sourceTree = "<group>";
		};
		29B397E9274B95C600C6FAC7 = {
			isa = PBXGroup;
			children = (
				29B397F4274B95C700C6FAC7 /* JBBPuzzleView */,
				29B397F3274B95C700C6FAC7 /* Products */,
				D3D6CD565AB67B0ED238F254 /* Pods */,
				DD3D9E551193E1AAB38E220F /* Frameworks */,
			);
			sourceTree = "<group>";
		};
		29B397F3274B95C700C6FAC7 /* Products */ = {
			isa = PBXGroup;
			children = (
				29B397F2274B95C700C6FAC7 /* JBBPuzzleView.app */,
			);
			name = Products;
			sourceTree = "<group>";
		};
		29B397F4274B95C700C6FAC7 /* JBBPuzzleView */ = {
			isa = PBXGroup;
			children = (
				29BABA6027585EC800D94088 /* View */,
				29357A72274E69C300BD986D /* otherView */,
				291DF2B1274DDE330082B6DC /* CustomAblum */,
				29B39817274BA59300C6FAC7 /* PuzzleLib */,
				29B39813274B9C2A00C6FAC7 /* Category */,
				29B397F5274B95C700C6FAC7 /* AppDelegate.h */,
				29B397F6274B95C700C6FAC7 /* AppDelegate.m */,
				291DF2E1274DE9950082B6DC /* GIFMakingNaviViewController.h */,
				291DF2E2274DE9950082B6DC /* GIFMakingNaviViewController.m */,
				29B3980E274B9A2400C6FAC7 /* JBBPuzzleViewController.h */,
				29B3980F274B9A2400C6FAC7 /* JBBPuzzleViewController.m */,
				29B39810274B9A2400C6FAC7 /* JBBPuzzleViewController.xib */,
				29B397FB274B95C700C6FAC7 /* ViewController.h */,
				29B397FC274B95C700C6FAC7 /* ViewController.m */,
				29B3981E274BA78B00C6FAC7 /* PrefixHeader.pch */,
				29B397FE274B95C700C6FAC7 /* Main.storyboard */,
				29B39801274B95D600C6FAC7 /* Assets.xcassets */,
				29B39803274B95D600C6FAC7 /* LaunchScreen.storyboard */,
				29B39806274B95D600C6FAC7 /* Info.plist */,
				29B39807274B95D600C6FAC7 /* main.m */,
				291DF2F1274E2F610082B6DC /* Comp_1.gif */,
			);
			path = JBBPuzzleView;
			sourceTree = "<group>";
		};
		29B39813274B9C2A00C6FAC7 /* Category */ = {
			isa = PBXGroup;
			children = (
				291DF2EF274E2C520082B6DC /* NSData+GifMaking.h */,
				291DF2EE274E2C520082B6DC /* NSData+GifMaking.m */,
				291DF2DF274DE5BD0082B6DC /* UILabel+HXExtension.h */,
				291DF2DE274DE5BD0082B6DC /* UILabel+HXExtension.m */,
				291DF2BE274DE3600082B6DC /* UIView+HXExtension.h */,
				291DF2B8274DE35F0082B6DC /* UIView+HXExtension.m */,
				291DF2A8274CC1510082B6DC /* UIColor+GifMakingUtils.h */,
				291DF2A9274CC1510082B6DC /* UIColor+GifMakingUtils.m */,
				29B39814274B9CCE00C6FAC7 /* UIView+GifMakingUtils.h */,
				29B39815274B9CCE00C6FAC7 /* UIView+GifMakingUtils.m */,
				29357A70274E5A0B00BD986D /* UIViewController+GifMakingUtils.h */,
				29357A6F274E5A0B00BD986D /* UIViewController+GifMakingUtils.m */,
			);
			path = Category;
			sourceTree = "<group>";
		};
		29B39817274BA59300C6FAC7 /* PuzzleLib */ = {
			isa = PBXGroup;
			children = (
				29F3817D2755DDB3009D9EDC /* 图片合成视频 */,
				29F3817C2754E68A009D9EDC /* PXKConstMarcro.h */,
				29F381732754E5D2009D9EDC /* CustomVideoCompositor */,
				29F3816E2754E5D2009D9EDC /* SharedData */,
				29F3815A2754AA00009D9EDC /* INVVIEW */,
				29F381612754E39A009D9EDC /* VideoEffects */,
				29F3814127548A7A009D9EDC /* AVFoundationFilter */,
				29F3813827546DC6009D9EDC /* VideoPlay */,
				29B39831274BB23400C6FAC7 /* TCESingle.h */,
				29B39832274BB23400C6FAC7 /* TCESingle.m */,
				29357A6C274E4DAD00BD986D /* TceEditImageView.h */,
				29357A6D274E4DAD00BD986D /* TceEditImageView.m */,
				29B39834274C832000C6FAC7 /* TcePuzzlePuzzleView.h */,
				29B39835274C832000C6FAC7 /* TcePuzzlePuzzleView.m */,
				29B39819274BA71400C6FAC7 /* TcePuzzleViewFrameAndPoint.h */,
				29B39818274BA71400C6FAC7 /* TcePuzzleViewFrameAndPoint.m */,
			);
			path = PuzzleLib;
			sourceTree = "<group>";
		};
		29BABA6027585EC800D94088 /* View */ = {
			isa = PBXGroup;
			children = (
				29B39837274C935C00C6FAC7 /* PuzzleStyleViewCell.h */,
				29B39838274C935C00C6FAC7 /* PuzzleStyleViewCell.m */,
				29B39839274C935C00C6FAC7 /* PuzzleStyleViewCell.xib */,
				29B3983C274CA5E500C6FAC7 /* PuzzleBgColorViewCell.h */,
				29B3983D274CA5E500C6FAC7 /* PuzzleBgColorViewCell.m */,
				29B3983E274CA5E500C6FAC7 /* PuzzleBgColorViewCell.xib */,
			);
			path = View;
			sourceTree = "<group>";
		};
		29F3813827546DC6009D9EDC /* VideoPlay */ = {
			isa = PBXGroup;
			children = (
				29F3813C27546DC6009D9EDC /* PBJVideoPlayerController.h */,
				29F3813A27546DC6009D9EDC /* PBJVideoPlayerController.m */,
				29F3813927546DC6009D9EDC /* PBJVideoView.h */,
				29F3813B27546DC6009D9EDC /* PBJVideoView.m */,
				29F3813D27546DC6009D9EDC /* play_button@2x.png */,
			);
			path = VideoPlay;
			sourceTree = "<group>";
		};
		29F3814127548A7A009D9EDC /* AVFoundationFilter */ = {
			isa = PBXGroup;
			children = (
				29F3814A27548A7A009D9EDC /* Shader */,
				29F3814227548A7A009D9EDC /* CustomFilter.h */,
				29F3814927548A7A009D9EDC /* CustomFilter.m */,
				29F3814827548A7A009D9EDC /* CustomVideoCompositing.h */,
				29F3814327548A7A009D9EDC /* CustomVideoCompositing.m */,
				29F3814427548A7A009D9EDC /* CustomVideoCompositionInstruction.h */,
				29F3814727548A7A009D9EDC /* CustomVideoCompositionInstruction.m */,
				29F3815027548A7A009D9EDC /* MFPixelBufferHelper.h */,
				29F3814627548A7A009D9EDC /* MFPixelBufferHelper.m */,
				29F3814F27548A7A009D9EDC /* MFShaderHelper.h */,
				29F3814527548A7A009D9EDC /* MFShaderHelper.m */,
			);
			path = AVFoundationFilter;
			sourceTree = "<group>";
		};
		29F3814A27548A7A009D9EDC /* Shader */ = {
			isa = PBXGroup;
			children = (
				29F3814B27548A7A009D9EDC /* Normal.fsh */,
				29F3814C27548A7A009D9EDC /* YUVConversion.fsh */,
				29F3814D27548A7A009D9EDC /* Normal.vsh */,
				29F3814E27548A7A009D9EDC /* YUVConversion.vsh */,
			);
			path = Shader;
			sourceTree = "<group>";
		};
		29F3815A2754AA00009D9EDC /* INVVIEW */ = {
			isa = PBXGroup;
			children = (
				29F3815E2754AA00009D9EDC /* DXLINVManage.h */,
				29F3815C2754AA00009D9EDC /* DXLINVManage.m */,
				29F3815D2754AA00009D9EDC /* DXLINVView.h */,
				29F3815B2754AA00009D9EDC /* DXLINVView.m */,
			);
			path = INVVIEW;
			sourceTree = "<group>";
		};
		29F381612754E39A009D9EDC /* VideoEffects */ = {
			isa = PBXGroup;
			children = (
				29F381622754E39A009D9EDC /* ExportEffects.h */,
				29F381672754E39A009D9EDC /* ExportEffects.m */,
				29F381642754E39A009D9EDC /* VideoBuilder.h */,
				29F381682754E39A009D9EDC /* VideoBuilder.m */,
				29F381692754E39A009D9EDC /* VideoThemes.h */,
				29F381652754E39A009D9EDC /* VideoThemes.m */,
				29F381662754E39A009D9EDC /* VideoThemesData.h */,
				29F381632754E39A009D9EDC /* VideoThemesData.m */,
			);
			path = VideoEffects;
			sourceTree = "<group>";
		};
		29F3816E2754E5D2009D9EDC /* SharedData */ = {
			isa = PBXGroup;
			children = (
				29F381722754E5D2009D9EDC /* ColorData.h */,
				29F381702754E5D2009D9EDC /* ColorData.m */,
				29F3816F2754E5D2009D9EDC /* PuzzleData.h */,
				29F381712754E5D2009D9EDC /* PuzzleData.m */,
			);
			path = SharedData;
			sourceTree = "<group>";
		};
		29F381732754E5D2009D9EDC /* CustomVideoCompositor */ = {
			isa = PBXGroup;
			children = (
				29F381742754E5D2009D9EDC /* AVAsset+help.h */,
				29F381762754E5D2009D9EDC /* AVAsset+help.m */,
				29F381752754E5D2009D9EDC /* CustomVideoCompositor.h */,
				29F381772754E5D2009D9EDC /* CustomVideoCompositor.m */,
			);
			path = CustomVideoCompositor;
			sourceTree = "<group>";
		};
		29F3817D2755DDB3009D9EDC /* 图片合成视频 */ = {
			isa = PBXGroup;
			children = (
				29F3817E2755DDB3009D9EDC /* MediaComposition.swift */,
				29F3817F2755DDB3009D9EDC /* MCConfig.swift */,
				29F381802755DDB3009D9EDC /* black.mp4 */,
				29F381812755DDB3009D9EDC /* MediaAVComposition.swift */,
				29F381822755DDB3009D9EDC /* AudiosComposition.swift */,
			);
			path = "图片合成视频";
			sourceTree = "<group>";
		};
		D3D6CD565AB67B0ED238F254 /* Pods */ = {
			isa = PBXGroup;
			children = (
				AC57396C71712CAC2B63FD9B /* Pods-JBBPuzzleView.debug.xcconfig */,
				53530ABE46BC7554E5D8AD21 /* Pods-JBBPuzzleView.release.xcconfig */,
			);
			path = Pods;
			sourceTree = "<group>";
		};
		DD3D9E551193E1AAB38E220F /* Frameworks */ = {
			isa = PBXGroup;
			children = (
				61A1D93C267F0AC42CFA9EB8 /* Pods_JBBPuzzleView.framework */,
			);
			name = Frameworks;
			sourceTree = "<group>";
		};
/* End PBXGroup section */

/* Begin PBXNativeTarget section */
		29B397F1274B95C700C6FAC7 /* JBBPuzzleView */ = {
			isa = PBXNativeTarget;
			buildConfigurationList = 29B3980B274B95D600C6FAC7 /* Build configuration list for PBXNativeTarget "JBBPuzzleView" */;
			buildPhases = (
				8C02D3484E4BF745F1B89EE6 /* [CP] Check Pods Manifest.lock */,
				29B397EE274B95C700C6FAC7 /* Sources */,
				29B397EF274B95C700C6FAC7 /* Frameworks */,
				29B397F0274B95C700C6FAC7 /* Resources */,
				08E167B97871CED5AE4A36EB /* [CP] Embed Pods Frameworks */,
			);
			buildRules = (
			);
			dependencies = (
			);
			name = JBBPuzzleView;
			productName = JBBPuzzleView;
			productReference = 29B397F2274B95C700C6FAC7 /* JBBPuzzleView.app */;
			productType = "com.apple.product-type.application";
		};
/* End PBXNativeTarget section */

/* Begin PBXProject section */
		29B397EA274B95C600C6FAC7 /* Project object */ = {
			isa = PBXProject;
			attributes = {
				BuildIndependentTargetsInParallel = 1;
				LastUpgradeCheck = 1300;
				TargetAttributes = {
					29B397F1274B95C700C6FAC7 = {
						CreatedOnToolsVersion = 13.0;
					};
				};
			};
			buildConfigurationList = 29B397ED274B95C600C6FAC7 /* Build configuration list for PBXProject "JBBPuzzleView" */;
			compatibilityVersion = "Xcode 13.0";
			developmentRegion = en;
			hasScannedForEncodings = 0;
			knownRegions = (
				en,
				Base,
			);
			mainGroup = 29B397E9274B95C600C6FAC7;
			productRefGroup = 29B397F3274B95C700C6FAC7 /* Products */;
			projectDirPath = "";
			projectRoot = "";
			targets = (
				29B397F1274B95C700C6FAC7 /* JBBPuzzleView */,
			);
		};
/* End PBXProject section */

/* Begin PBXResourcesBuildPhase section */
		29B397F0274B95C700C6FAC7 /* Resources */ = {
			isa = PBXResourcesBuildPhase;
			buildActionMask = 2147483647;
			files = (
				29F3814027546DC7009D9EDC /* play_button@2x.png in Resources */,
				29B39805274B95D600C6FAC7 /* LaunchScreen.storyboard in Resources */,
				29B39840274CA5E600C6FAC7 /* PuzzleBgColorViewCell.xib in Resources */,
				29B39802274B95D600C6FAC7 /* Assets.xcassets in Resources */,
				29F3815627548A7A009D9EDC /* Normal.fsh in Resources */,
				29F3815827548A7A009D9EDC /* Normal.vsh in Resources */,
				291DF2F2274E2F610082B6DC /* Comp_1.gif in Resources */,
				29F3815727548A7A009D9EDC /* YUVConversion.fsh in Resources */,
				291DF2E8274E12820082B6DC /* AlbumTableViewCell.xib in Resources */,
				29B39800274B95C700C6FAC7 /* Main.storyboard in Resources */,
				29F381852755DDB3009D9EDC /* black.mp4 in Resources */,
				29F3815927548A7A009D9EDC /* YUVConversion.vsh in Resources */,
				291DF2B6274DDE600082B6DC /* CustomAlbumController.xib in Resources */,
				291DF2ED274E200E0082B6DC /* PickerCell.xib in Resources */,
				29357A77274E69E000BD986D /* PostersCollageSingeToolView.xib in Resources */,
				29B39812274B9A2400C6FAC7 /* JBBPuzzleViewController.xib in Resources */,
				29B3983B274C935C00C6FAC7 /* PuzzleStyleViewCell.xib in Resources */,
			);
			runOnlyForDeploymentPostprocessing = 0;
		};
/* End PBXResourcesBuildPhase section */

/* Begin PBXShellScriptBuildPhase section */
		08E167B97871CED5AE4A36EB /* [CP] Embed Pods Frameworks */ = {
			isa = PBXShellScriptBuildPhase;
			buildActionMask = 2147483647;
			files = (
			);
			inputFileListPaths = (
				"${PODS_ROOT}/Target Support Files/Pods-JBBPuzzleView/Pods-JBBPuzzleView-frameworks-${CONFIGURATION}-input-files.xcfilelist",
			);
			name = "[CP] Embed Pods Frameworks";
			outputFileListPaths = (
				"${PODS_ROOT}/Target Support Files/Pods-JBBPuzzleView/Pods-JBBPuzzleView-frameworks-${CONFIGURATION}-output-files.xcfilelist",
			);
			runOnlyForDeploymentPostprocessing = 0;
			shellPath = /bin/sh;
			shellScript = "\"${PODS_ROOT}/Target Support Files/Pods-JBBPuzzleView/Pods-JBBPuzzleView-frameworks.sh\"\n";
			showEnvVarsInLog = 0;
		};
		8C02D3484E4BF745F1B89EE6 /* [CP] Check Pods Manifest.lock */ = {
			isa = PBXShellScriptBuildPhase;
			buildActionMask = 2147483647;
			files = (
			);
			inputFileListPaths = (
			);
			inputPaths = (
				"${PODS_PODFILE_DIR_PATH}/Podfile.lock",
				"${PODS_ROOT}/Manifest.lock",
			);
			name = "[CP] Check Pods Manifest.lock";
			outputFileListPaths = (
			);
			outputPaths = (
				"$(DERIVED_FILE_DIR)/Pods-JBBPuzzleView-checkManifestLockResult.txt",
			);
			runOnlyForDeploymentPostprocessing = 0;
			shellPath = /bin/sh;
			shellScript = "diff \"${PODS_PODFILE_DIR_PATH}/Podfile.lock\" \"${PODS_ROOT}/Manifest.lock\" > /dev/null\nif [ $? != 0 ] ; then\n    # print error to STDERR\n    echo \"error: The sandbox is not in sync with the Podfile.lock. Run 'pod install' or update your CocoaPods installation.\" >&2\n    exit 1\nfi\n# This output is used by Xcode 'outputs' to avoid re-running this script phase.\necho \"SUCCESS\" > \"${SCRIPT_OUTPUT_FILE_0}\"\n";
			showEnvVarsInLog = 0;
		};
/* End PBXShellScriptBuildPhase section */

/* Begin PBXSourcesBuildPhase section */
		29B397EE274B95C700C6FAC7 /* Sources */ = {
			isa = PBXSourcesBuildPhase;
			buildActionMask = 2147483647;
			files = (
				29B3983F274CA5E600C6FAC7 /* PuzzleBgColorViewCell.m in Sources */,
				291DF2EC274E200E0082B6DC /* PickerCell.m in Sources */,
				291DF2AA274CC1510082B6DC /* UIColor+GifMakingUtils.m in Sources */,
				29F3816D2754E39A009D9EDC /* VideoBuilder.m in Sources */,
				291DF2E3274DE9950082B6DC /* GIFMakingNaviViewController.m in Sources */,
				29B3981A274BA71400C6FAC7 /* TcePuzzleViewFrameAndPoint.m in Sources */,
				29F3816B2754E39A009D9EDC /* VideoThemes.m in Sources */,
				29F381782754E5D2009D9EDC /* ColorData.m in Sources */,
				29B39816274B9CCE00C6FAC7 /* UIView+GifMakingUtils.m in Sources */,
				29F3816A2754E39A009D9EDC /* VideoThemesData.m in Sources */,
				29B397FD274B95C700C6FAC7 /* ViewController.m in Sources */,
				291DF2E7274E12820082B6DC /* AlbumTableViewCell.m in Sources */,
				29B397F7274B95C700C6FAC7 /* AppDelegate.m in Sources */,
				29F381602754AA00009D9EDC /* DXLINVManage.m in Sources */,
				29F3813E27546DC7009D9EDC /* PBJVideoPlayerController.m in Sources */,
				29B3983A274C935C00C6FAC7 /* PuzzleStyleViewCell.m in Sources */,
				29B39833274BB23400C6FAC7 /* TCESingle.m in Sources */,
				291DF2F0274E2C520082B6DC /* NSData+GifMaking.m in Sources */,
				291DF2E0274DE5BD0082B6DC /* UILabel+HXExtension.m in Sources */,
				29F381792754E5D2009D9EDC /* PuzzleData.m in Sources */,
				29F3815527548A7A009D9EDC /* CustomFilter.m in Sources */,
				29357A6E274E4DAD00BD986D /* TceEditImageView.m in Sources */,
				29F3813F27546DC7009D9EDC /* PBJVideoView.m in Sources */,
				29F3817B2754E5D2009D9EDC /* CustomVideoCompositor.m in Sources */,
				29B39808274B95D600C6FAC7 /* main.m in Sources */,
				29F381862755DDB3009D9EDC /* MediaAVComposition.swift in Sources */,
				29F3815127548A7A009D9EDC /* CustomVideoCompositing.m in Sources */,
				291DF2D2274DE3610082B6DC /* UIView+HXExtension.m in Sources */,
				29F3815227548A7A009D9EDC /* MFShaderHelper.m in Sources */,
				29B39836274C832000C6FAC7 /* TcePuzzlePuzzleView.m in Sources */,
				29F381832755DDB3009D9EDC /* MediaComposition.swift in Sources */,
				29F381872755DDB3009D9EDC /* AudiosComposition.swift in Sources */,
				29357A76274E69E000BD986D /* PostersCollageSingeToolView.m in Sources */,
				29F381842755DDB3009D9EDC /* MCConfig.swift in Sources */,
				291DF2B5274DDE600082B6DC /* CustomAlbumController.m in Sources */,
				29F3816C2754E39A009D9EDC /* ExportEffects.m in Sources */,
				29357A71274E5A0B00BD986D /* UIViewController+GifMakingUtils.m in Sources */,
				29B39811274B9A2400C6FAC7 /* JBBPuzzleViewController.m in Sources */,
				29F3815327548A7A009D9EDC /* MFPixelBufferHelper.m in Sources */,
				29F3817A2754E5D2009D9EDC /* AVAsset+help.m in Sources */,
				29F3815427548A7A009D9EDC /* CustomVideoCompositionInstruction.m in Sources */,
				29F3815F2754AA00009D9EDC /* DXLINVView.m in Sources */,
			);
			runOnlyForDeploymentPostprocessing = 0;
		};
/* End PBXSourcesBuildPhase section */

/* Begin PBXVariantGroup section */
		29B397FE274B95C700C6FAC7 /* Main.storyboard */ = {
			isa = PBXVariantGroup;
			children = (
				29B397FF274B95C700C6FAC7 /* Base */,
			);
			name = Main.storyboard;
			sourceTree = "<group>";
		};
		29B39803274B95D600C6FAC7 /* LaunchScreen.storyboard */ = {
			isa = PBXVariantGroup;
			children = (
				29B39804274B95D600C6FAC7 /* Base */,
			);
			name = LaunchScreen.storyboard;
			sourceTree = "<group>";
		};
/* End PBXVariantGroup section */

/* Begin XCBuildConfiguration section */
		29B39809274B95D600C6FAC7 /* Debug */ = {
			isa = XCBuildConfiguration;
			buildSettings = {
				ALWAYS_SEARCH_USER_PATHS = NO;
				CLANG_ANALYZER_NONNULL = YES;
				CLANG_ANALYZER_NUMBER_OBJECT_CONVERSION = YES_AGGRESSIVE;
				CLANG_CXX_LANGUAGE_STANDARD = "gnu++17";
				CLANG_CXX_LIBRARY = "libc++";
				CLANG_ENABLE_MODULES = YES;
				CLANG_ENABLE_OBJC_ARC = YES;
				CLANG_ENABLE_OBJC_WEAK = YES;
				CLANG_WARN_BLOCK_CAPTURE_AUTORELEASING = YES;
				CLANG_WARN_BOOL_CONVERSION = YES;
				CLANG_WARN_COMMA = YES;
				CLANG_WARN_CONSTANT_CONVERSION = YES;
				CLANG_WARN_DEPRECATED_OBJC_IMPLEMENTATIONS = YES;
				CLANG_WARN_DIRECT_OBJC_ISA_USAGE = YES_ERROR;
				CLANG_WARN_DOCUMENTATION_COMMENTS = YES;
				CLANG_WARN_EMPTY_BODY = YES;
				CLANG_WARN_ENUM_CONVERSION = YES;
				CLANG_WARN_INFINITE_RECURSION = YES;
				CLANG_WARN_INT_CONVERSION = YES;
				CLANG_WARN_NON_LITERAL_NULL_CONVERSION = YES;
				CLANG_WARN_OBJC_IMPLICIT_RETAIN_SELF = YES;
				CLANG_WARN_OBJC_LITERAL_CONVERSION = YES;
				CLANG_WARN_OBJC_ROOT_CLASS = YES_ERROR;
				CLANG_WARN_QUOTED_INCLUDE_IN_FRAMEWORK_HEADER = YES;
				CLANG_WARN_RANGE_LOOP_ANALYSIS = YES;
				CLANG_WARN_STRICT_PROTOTYPES = YES;
				CLANG_WARN_SUSPICIOUS_MOVE = YES;
				CLANG_WARN_UNGUARDED_AVAILABILITY = YES_AGGRESSIVE;
				CLANG_WARN_UNREACHABLE_CODE = YES;
				CLANG_WARN__DUPLICATE_METHOD_MATCH = YES;
				COPY_PHASE_STRIP = NO;
				DEBUG_INFORMATION_FORMAT = dwarf;
				ENABLE_STRICT_OBJC_MSGSEND = YES;
				ENABLE_TESTABILITY = YES;
				GCC_C_LANGUAGE_STANDARD = gnu11;
				GCC_DYNAMIC_NO_PIC = NO;
				GCC_NO_COMMON_BLOCKS = YES;
				GCC_OPTIMIZATION_LEVEL = 0;
				GCC_PREPROCESSOR_DEFINITIONS = (
					"DEBUG=1",
					"$(inherited)",
				);
				GCC_WARN_64_TO_32_BIT_CONVERSION = YES;
				GCC_WARN_ABOUT_RETURN_TYPE = YES_ERROR;
				GCC_WARN_UNDECLARED_SELECTOR = YES;
				GCC_WARN_UNINITIALIZED_AUTOS = YES_AGGRESSIVE;
				GCC_WARN_UNUSED_FUNCTION = YES;
				GCC_WARN_UNUSED_VARIABLE = YES;
				IPHONEOS_DEPLOYMENT_TARGET = 11.0;
				MTL_ENABLE_DEBUG_INFO = INCLUDE_SOURCE;
				MTL_FAST_MATH = YES;
				ONLY_ACTIVE_ARCH = YES;
				SDKROOT = iphoneos;
			};
			name = Debug;
		};
		29B3980A274B95D600C6FAC7 /* Release */ = {
			isa = XCBuildConfiguration;
			buildSettings = {
				ALWAYS_SEARCH_USER_PATHS = NO;
				CLANG_ANALYZER_NONNULL = YES;
				CLANG_ANALYZER_NUMBER_OBJECT_CONVERSION = YES_AGGRESSIVE;
				CLANG_CXX_LANGUAGE_STANDARD = "gnu++17";
				CLANG_CXX_LIBRARY = "libc++";
				CLANG_ENABLE_MODULES = YES;
				CLANG_ENABLE_OBJC_ARC = YES;
				CLANG_ENABLE_OBJC_WEAK = YES;
				CLANG_WARN_BLOCK_CAPTURE_AUTORELEASING = YES;
				CLANG_WARN_BOOL_CONVERSION = YES;
				CLANG_WARN_COMMA = YES;
				CLANG_WARN_CONSTANT_CONVERSION = YES;
				CLANG_WARN_DEPRECATED_OBJC_IMPLEMENTATIONS = YES;
				CLANG_WARN_DIRECT_OBJC_ISA_USAGE = YES_ERROR;
				CLANG_WARN_DOCUMENTATION_COMMENTS = YES;
				CLANG_WARN_EMPTY_BODY = YES;
				CLANG_WARN_ENUM_CONVERSION = YES;
				CLANG_WARN_INFINITE_RECURSION = YES;
				CLANG_WARN_INT_CONVERSION = YES;
				CLANG_WARN_NON_LITERAL_NULL_CONVERSION = YES;
				CLANG_WARN_OBJC_IMPLICIT_RETAIN_SELF = YES;
				CLANG_WARN_OBJC_LITERAL_CONVERSION = YES;
				CLANG_WARN_OBJC_ROOT_CLASS = YES_ERROR;
				CLANG_WARN_QUOTED_INCLUDE_IN_FRAMEWORK_HEADER = YES;
				CLANG_WARN_RANGE_LOOP_ANALYSIS = YES;
				CLANG_WARN_STRICT_PROTOTYPES = YES;
				CLANG_WARN_SUSPICIOUS_MOVE = YES;
				CLANG_WARN_UNGUARDED_AVAILABILITY = YES_AGGRESSIVE;
				CLANG_WARN_UNREACHABLE_CODE = YES;
				CLANG_WARN__DUPLICATE_METHOD_MATCH = YES;
				COPY_PHASE_STRIP = NO;
				DEBUG_INFORMATION_FORMAT = "dwarf-with-dsym";
				ENABLE_NS_ASSERTIONS = NO;
				ENABLE_STRICT_OBJC_MSGSEND = YES;
				GCC_C_LANGUAGE_STANDARD = gnu11;
				GCC_NO_COMMON_BLOCKS = YES;
				GCC_WARN_64_TO_32_BIT_CONVERSION = YES;
				GCC_WARN_ABOUT_RETURN_TYPE = YES_ERROR;
				GCC_WARN_UNDECLARED_SELECTOR = YES;
				GCC_WARN_UNINITIALIZED_AUTOS = YES_AGGRESSIVE;
				GCC_WARN_UNUSED_FUNCTION = YES;
				GCC_WARN_UNUSED_VARIABLE = YES;
				IPHONEOS_DEPLOYMENT_TARGET = 11.0;
				MTL_ENABLE_DEBUG_INFO = NO;
				MTL_FAST_MATH = YES;
				SDKROOT = iphoneos;
				VALIDATE_PRODUCT = YES;
			};
			name = Release;
		};
		29B3980C274B95D600C6FAC7 /* Debug */ = {
			isa = XCBuildConfiguration;
			baseConfigurationReference = AC57396C71712CAC2B63FD9B /* Pods-JBBPuzzleView.debug.xcconfig */;
			buildSettings = {
				ASSETCATALOG_COMPILER_APPICON_NAME = AppIcon;
				ASSETCATALOG_COMPILER_GLOBAL_ACCENT_COLOR_NAME = AccentColor;
				CODE_SIGN_STYLE = Automatic;
				CURRENT_PROJECT_VERSION = 1;
				DEVELOPMENT_TEAM = F7YBM7MWE6;
				GCC_PREFIX_HEADER = "$(SRCROOT)/JBBPuzzleView/PrefixHeader.pch";
				GENERATE_INFOPLIST_FILE = YES;
				INFOPLIST_FILE = JBBPuzzleView/Info.plist;
				INFOPLIST_KEY_CFBundleDisplayName = "GIF拼图";
				INFOPLIST_KEY_NSPhotoLibraryAddUsageDescription = "开启相册权限，您将可以保存图片到本地并使用本地图片制作并生成Gif";
				INFOPLIST_KEY_NSPhotoLibraryUsageDescription = "这样做会让 GIF制作 有权限访问您的相册应用中的全部照片和视频，从而让您能够制作GIF或视频。";
				INFOPLIST_KEY_UIApplicationSupportsIndirectInputEvents = YES;
				INFOPLIST_KEY_UILaunchStoryboardName = LaunchScreen;
				INFOPLIST_KEY_UIMainStoryboardFile = Main;
				INFOPLIST_KEY_UISupportedInterfaceOrientations_iPad = "UIInterfaceOrientationPortrait UIInterfaceOrientationPortraitUpsideDown UIInterfaceOrientationLandscapeLeft UIInterfaceOrientationLandscapeRight";
				INFOPLIST_KEY_UISupportedInterfaceOrientations_iPhone = "UIInterfaceOrientationPortrait UIInterfaceOrientationLandscapeLeft UIInterfaceOrientationLandscapeRight";
				IPHONEOS_DEPLOYMENT_TARGET = 11.0;
				LD_RUNPATH_SEARCH_PATHS = (
					"$(inherited)",
					"@executable_path/Frameworks",
				);
				MARKETING_VERSION = 1.0;
				PRODUCT_BUNDLE_IDENTIFIER = com.test.JBBPuzzleView;
				PRODUCT_NAME = "$(TARGET_NAME)";
				SWIFT_EMIT_LOC_STRINGS = YES;
				SWIFT_OBJC_BRIDGING_HEADER = "";
				SWIFT_VERSION = 5.0;
				TARGETED_DEVICE_FAMILY = "1,2";
			};
			name = Debug;
		};
		29B3980D274B95D600C6FAC7 /* Release */ = {
			isa = XCBuildConfiguration;
			baseConfigurationReference = 53530ABE46BC7554E5D8AD21 /* Pods-JBBPuzzleView.release.xcconfig */;
			buildSettings = {
				ASSETCATALOG_COMPILER_APPICON_NAME = AppIcon;
				ASSETCATALOG_COMPILER_GLOBAL_ACCENT_COLOR_NAME = AccentColor;
				CODE_SIGN_STYLE = Automatic;
				CURRENT_PROJECT_VERSION = 1;
				DEVELOPMENT_TEAM = F7YBM7MWE6;
				GCC_PREFIX_HEADER = "$(SRCROOT)/JBBPuzzleView/PrefixHeader.pch";
				GENERATE_INFOPLIST_FILE = YES;
				INFOPLIST_FILE = JBBPuzzleView/Info.plist;
				INFOPLIST_KEY_CFBundleDisplayName = "GIF拼图";
				INFOPLIST_KEY_NSPhotoLibraryAddUsageDescription = "开启相册权限，您将可以保存图片到本地并使用本地图片制作并生成Gif";
				INFOPLIST_KEY_NSPhotoLibraryUsageDescription = "这样做会让 GIF制作 有权限访问您的相册应用中的全部照片和视频，从而让您能够制作GIF或视频。";
				INFOPLIST_KEY_UIApplicationSupportsIndirectInputEvents = YES;
				INFOPLIST_KEY_UILaunchStoryboardName = LaunchScreen;
				INFOPLIST_KEY_UIMainStoryboardFile = Main;
				INFOPLIST_KEY_UISupportedInterfaceOrientations_iPad = "UIInterfaceOrientationPortrait UIInterfaceOrientationPortraitUpsideDown UIInterfaceOrientationLandscapeLeft UIInterfaceOrientationLandscapeRight";
				INFOPLIST_KEY_UISupportedInterfaceOrientations_iPhone = "UIInterfaceOrientationPortrait UIInterfaceOrientationLandscapeLeft UIInterfaceOrientationLandscapeRight";
				IPHONEOS_DEPLOYMENT_TARGET = 11.0;
				LD_RUNPATH_SEARCH_PATHS = (
					"$(inherited)",
					"@executable_path/Frameworks",
				);
				MARKETING_VERSION = 1.0;
				PRODUCT_BUNDLE_IDENTIFIER = com.test.JBBPuzzleView;
				PRODUCT_NAME = "$(TARGET_NAME)";
				SWIFT_EMIT_LOC_STRINGS = YES;
				SWIFT_OBJC_BRIDGING_HEADER = "";
				SWIFT_VERSION = 5.0;
				TARGETED_DEVICE_FAMILY = "1,2";
			};
			name = Release;
		};
/* End XCBuildConfiguration section */

/* Begin XCConfigurationList section */
		29B397ED274B95C600C6FAC7 /* Build configuration list for PBXProject "JBBPuzzleView" */ = {
			isa = XCConfigurationList;
			buildConfigurations = (
				29B39809274B95D600C6FAC7 /* Debug */,
				29B3980A274B95D600C6FAC7 /* Release */,
			);
			defaultConfigurationIsVisible = 0;
			defaultConfigurationName = Release;
		};
		29B3980B274B95D600C6FAC7 /* Build configuration list for PBXNativeTarget "JBBPuzzleView" */ = {
			isa = XCConfigurationList;
			buildConfigurations = (
				29B3980C274B95D600C6FAC7 /* Debug */,
				29B3980D274B95D600C6FAC7 /* Release */,
			);
			defaultConfigurationIsVisible = 0;
			defaultConfigurationName = Release;
		};
/* End XCConfigurationList section */
	};
	rootObject = 29B397EA274B95C600C6FAC7 /* Project object */;
}
